// !$*UTF8*$!
{
	archiveVersion = 1;
	classes = {
	};
	objectVersion = 50;
	objects = {

/* Begin PBXBuildFile section */
		3F1147F528DDD2AD00067448 /* AppDelegate.swift in Sources */ = {isa = PBXBuildFile; fileRef = 3F1147F428DDD2AD00067448 /* AppDelegate.swift */; };
		3F1147F728DDD2AD00067448 /* SceneDelegate.swift in Sources */ = {isa = PBXBuildFile; fileRef = 3F1147F628DDD2AD00067448 /* SceneDelegate.swift */; };
		3F1147FE28DDD2AD00067448 /* Main.storyboard in Resources */ = {isa = PBXBuildFile; fileRef = 3F1147FC28DDD2AD00067448 /* Main.storyboard */; };
		3F11480028DDD2AE00067448 /* Assets.xcassets in Resources */ = {isa = PBXBuildFile; fileRef = 3F1147FF28DDD2AE00067448 /* Assets.xcassets */; };
		3F11480328DDD2AE00067448 /* LaunchScreen.storyboard in Resources */ = {isa = PBXBuildFile; fileRef = 3F11480128DDD2AE00067448 /* LaunchScreen.storyboard */; };
		3F55AB5C28EF050E007D19E7 /* OrganizappController.swift in Sources */ = {isa = PBXBuildFile; fileRef = 3F55AB5B28EF050E007D19E7 /* OrganizappController.swift */; };
		3F80025128EC74DC0093EA92 /* TimerViewController.swift in Sources */ = {isa = PBXBuildFile; fileRef = 3F80025028EC74DC0093EA92 /* TimerViewController.swift */; };
		3F80025328EC75D90093EA92 /* CircularProgressBarView.swift in Sources */ = {isa = PBXBuildFile; fileRef = 3F80025228EC75D90093EA92 /* CircularProgressBarView.swift */; };
		3F80025528ED9C8B0093EA92 /* ProfileViewController.swift in Sources */ = {isa = PBXBuildFile; fileRef = 3F80025428ED9C8B0093EA92 /* ProfileViewController.swift */; };
		3FD43D6A28EDCC5800421502 /* StatisticsViewController.swift in Sources */ = {isa = PBXBuildFile; fileRef = 3FD43D6928EDCC5800421502 /* StatisticsViewController.swift */; };
		3FD43D6C28EDCD3A00421502 /* Task.swift in Sources */ = {isa = PBXBuildFile; fileRef = 3FD43D6B28EDCD3A00421502 /* Task.swift */; };
		3FD43D6E28EDCDE500421502 /* TasksTableViewController.swift in Sources */ = {isa = PBXBuildFile; fileRef = 3FD43D6D28EDCDE500421502 /* TasksTableViewController.swift */; };
		3FD43D7028EDCE6E00421502 /* TaskTableViewCell.swift in Sources */ = {isa = PBXBuildFile; fileRef = 3FD43D6F28EDCE6E00421502 /* TaskTableViewCell.swift */; };
		3FD43D7228EDCF3900421502 /* TaskDetailsViewController.swift in Sources */ = {isa = PBXBuildFile; fileRef = 3FD43D7128EDCF3900421502 /* TaskDetailsViewController.swift */; };
/* End PBXBuildFile section */

/* Begin PBXFileReference section */
		3F1147F128DDD2AD00067448 /* Organizapp.app */ = {isa = PBXFileReference; explicitFileType = wrapper.application; includeInIndex = 0; path = Organizapp.app; sourceTree = BUILT_PRODUCTS_DIR; };
		3F1147F428DDD2AD00067448 /* AppDelegate.swift */ = {isa = PBXFileReference; lastKnownFileType = sourcecode.swift; path = AppDelegate.swift; sourceTree = "<group>"; };
		3F1147F628DDD2AD00067448 /* SceneDelegate.swift */ = {isa = PBXFileReference; lastKnownFileType = sourcecode.swift; path = SceneDelegate.swift; sourceTree = "<group>"; };
		3F1147FD28DDD2AD00067448 /* Base */ = {isa = PBXFileReference; lastKnownFileType = file.storyboard; name = Base; path = Base.lproj/Main.storyboard; sourceTree = "<group>"; };
		3F1147FF28DDD2AE00067448 /* Assets.xcassets */ = {isa = PBXFileReference; lastKnownFileType = folder.assetcatalog; path = Assets.xcassets; sourceTree = "<group>"; };
		3F11480228DDD2AE00067448 /* Base */ = {isa = PBXFileReference; lastKnownFileType = file.storyboard; name = Base; path = Base.lproj/LaunchScreen.storyboard; sourceTree = "<group>"; };
		3F11480428DDD2AE00067448 /* Info.plist */ = {isa = PBXFileReference; lastKnownFileType = text.plist.xml; path = Info.plist; sourceTree = "<group>"; };
		3F55AB5B28EF050E007D19E7 /* OrganizappController.swift */ = {isa = PBXFileReference; lastKnownFileType = sourcecode.swift; path = OrganizappController.swift; sourceTree = "<group>"; };
		3F80025028EC74DC0093EA92 /* TimerViewController.swift */ = {isa = PBXFileReference; lastKnownFileType = sourcecode.swift; path = TimerViewController.swift; sourceTree = "<group>"; };
		3F80025228EC75D90093EA92 /* CircularProgressBarView.swift */ = {isa = PBXFileReference; lastKnownFileType = sourcecode.swift; path = CircularProgressBarView.swift; sourceTree = "<group>"; };
		3F80025428ED9C8B0093EA92 /* ProfileViewController.swift */ = {isa = PBXFileReference; lastKnownFileType = sourcecode.swift; path = ProfileViewController.swift; sourceTree = "<group>"; };
		3FD43D6928EDCC5800421502 /* StatisticsViewController.swift */ = {isa = PBXFileReference; lastKnownFileType = sourcecode.swift; path = StatisticsViewController.swift; sourceTree = "<group>"; };
		3FD43D6B28EDCD3A00421502 /* Task.swift */ = {isa = PBXFileReference; lastKnownFileType = sourcecode.swift; path = Task.swift; sourceTree = "<group>"; };
		3FD43D6D28EDCDE500421502 /* TasksTableViewController.swift */ = {isa = PBXFileReference; lastKnownFileType = sourcecode.swift; path = TasksTableViewController.swift; sourceTree = "<group>"; };
		3FD43D6F28EDCE6E00421502 /* TaskTableViewCell.swift */ = {isa = PBXFileReference; lastKnownFileType = sourcecode.swift; path = TaskTableViewCell.swift; sourceTree = "<group>"; };
		3FD43D7128EDCF3900421502 /* TaskDetailsViewController.swift */ = {isa = PBXFileReference; lastKnownFileType = sourcecode.swift; path = TaskDetailsViewController.swift; sourceTree = "<group>"; };
/* End PBXFileReference section */

/* Begin PBXFrameworksBuildPhase section */
		3F1147EE28DDD2AD00067448 /* Frameworks */ = {
			isa = PBXFrameworksBuildPhase;
			buildActionMask = 2147483647;
			files = (
			);
			runOnlyForDeploymentPostprocessing = 0;
		};
/* End PBXFrameworksBuildPhase section */

/* Begin PBXGroup section */
		3F1147E828DDD2AD00067448 = {
			isa = PBXGroup;
			children = (
				3F1147F328DDD2AD00067448 /* Organizapp */,
				3F1147F228DDD2AD00067448 /* Products */,
			);
			sourceTree = "<group>";
		};
		3F1147F228DDD2AD00067448 /* Products */ = {
			isa = PBXGroup;
			children = (
				3F1147F128DDD2AD00067448 /* Organizapp.app */,
			);
			name = Products;
			sourceTree = "<group>";
		};
		3F1147F328DDD2AD00067448 /* Organizapp */ = {
			isa = PBXGroup;
			children = (
				3FD43D6928EDCC5800421502 /* StatisticsViewController.swift */,
				3FD43D6B28EDCD3A00421502 /* Task.swift */,
				3FD43D6D28EDCDE500421502 /* TasksTableViewController.swift */,
				3FD43D6F28EDCE6E00421502 /* TaskTableViewCell.swift */,
				3FD43D7128EDCF3900421502 /* TaskDetailsViewController.swift */,
				3F1147F428DDD2AD00067448 /* AppDelegate.swift */,
				3F80025028EC74DC0093EA92 /* TimerViewController.swift */,
				3F55AB5B28EF050E007D19E7 /* OrganizappController.swift */,
				3F80025228EC75D90093EA92 /* CircularProgressBarView.swift */,
				3F1147F628DDD2AD00067448 /* SceneDelegate.swift */,
				3F80025428ED9C8B0093EA92 /* ProfileViewController.swift */,
				3F1147FC28DDD2AD00067448 /* Main.storyboard */,
				3F11480128DDD2AE00067448 /* LaunchScreen.storyboard */,
				3F1147FF28DDD2AE00067448 /* Assets.xcassets */,
				3F11480428DDD2AE00067448 /* Info.plist */,
			);
			path = Organizapp;
			sourceTree = "<group>";
		};
/* End PBXGroup section */

/* Begin PBXNativeTarget section */
		3F1147F028DDD2AD00067448 /* Organizapp */ = {
			isa = PBXNativeTarget;
			buildConfigurationList = 3F11480728DDD2AE00067448 /* Build configuration list for PBXNativeTarget "Organizapp" */;
			buildPhases = (
				3F1147ED28DDD2AD00067448 /* Sources */,
				3F1147EE28DDD2AD00067448 /* Frameworks */,
				3F1147EF28DDD2AD00067448 /* Resources */,
			);
			buildRules = (
			);
			dependencies = (
			);
			name = Organizapp;
			productName = Organizapp;
			productReference = 3F1147F128DDD2AD00067448 /* Organizapp.app */;
			productType = "com.apple.product-type.application";
		};
/* End PBXNativeTarget section */

/* Begin PBXProject section */
		3F1147E928DDD2AD00067448 /* Project object */ = {
			isa = PBXProject;
			attributes = {
				LastSwiftUpdateCheck = 1130;
				LastUpgradeCheck = 1130;
				ORGANIZATIONNAME = Student;
				TargetAttributes = {
					3F1147F028DDD2AD00067448 = {
						CreatedOnToolsVersion = 11.3;
					};
				};
			};
			buildConfigurationList = 3F1147EC28DDD2AD00067448 /* Build configuration list for PBXProject "Organizapp" */;
			compatibilityVersion = "Xcode 9.3";
			developmentRegion = en;
			hasScannedForEncodings = 0;
			knownRegions = (
				en,
				Base,
			);
			mainGroup = 3F1147E828DDD2AD00067448;
			productRefGroup = 3F1147F228DDD2AD00067448 /* Products */;
			projectDirPath = "";
			projectRoot = "";
			targets = (
				3F1147F028DDD2AD00067448 /* Organizapp */,
			);
		};
/* End PBXProject section */

/* Begin PBXResourcesBuildPhase section */
		3F1147EF28DDD2AD00067448 /* Resources */ = {
			isa = PBXResourcesBuildPhase;
			buildActionMask = 2147483647;
			files = (
				3F11480328DDD2AE00067448 /* LaunchScreen.storyboard in Resources */,
				3F11480028DDD2AE00067448 /* Assets.xcassets in Resources */,
				3F1147FE28DDD2AD00067448 /* Main.storyboard in Resources */,
			);
			runOnlyForDeploymentPostprocessing = 0;
		};
/* End PBXResourcesBuildPhase section */

/* Begin PBXSourcesBuildPhase section */
		3F1147ED28DDD2AD00067448 /* Sources */ = {
			isa = PBXSourcesBuildPhase;
			buildActionMask = 2147483647;
			files = (
				3FD43D7228EDCF3900421502 /* TaskDetailsViewController.swift in Sources */,
				3F1147F528DDD2AD00067448 /* AppDelegate.swift in Sources */,
				3F80025128EC74DC0093EA92 /* TimerViewController.swift in Sources */,
				3FD43D7028EDCE6E00421502 /* TaskTableViewCell.swift in Sources */,
				3F80025528ED9C8B0093EA92 /* ProfileViewController.swift in Sources */,
				3FD43D6A28EDCC5800421502 /* StatisticsViewController.swift in Sources */,
				3F80025328EC75D90093EA92 /* CircularProgressBarView.swift in Sources */,
				3FD43D6C28EDCD3A00421502 /* Task.swift in Sources */,
				3F55AB5C28EF050E007D19E7 /* OrganizappController.swift in Sources */,
				3FD43D6E28EDCDE500421502 /* TasksTableViewController.swift in Sources */,
				3F1147F728DDD2AD00067448 /* SceneDelegate.swift in Sources */,
			);
			runOnlyForDeploymentPostprocessing = 0;
		};
/* End PBXSourcesBuildPhase section */

/* Begin PBXVariantGroup section */
		3F1147FC28DDD2AD00067448 /* Main.storyboard */ = {
			isa = PBXVariantGroup;
			children = (
				3F1147FD28DDD2AD00067448 /* Base */,
			);
			name = Main.storyboard;
			sourceTree = "<group>";
		};
		3F11480128DDD2AE00067448 /* LaunchScreen.storyboard */ = {
			isa = PBXVariantGroup;
			children = (
				3F11480228DDD2AE00067448 /* Base */,
			);
			name = LaunchScreen.storyboard;
			sourceTree = "<group>";
		};
/* End PBXVariantGroup section */

/* Begin XCBuildConfiguration section */
		3F11480528DDD2AE00067448 /* Debug */ = {
			isa = XCBuildConfiguration;
			buildSettings = {
				ALWAYS_SEARCH_USER_PATHS = NO;
				CLANG_ANALYZER_NONNULL = YES;
				CLANG_ANALYZER_NUMBER_OBJECT_CONVERSION = YES_AGGRESSIVE;
				CLANG_CXX_LANGUAGE_STANDARD = "gnu++14";
				CLANG_CXX_LIBRARY = "libc++";
				CLANG_ENABLE_MODULES = YES;
				CLANG_ENABLE_OBJC_ARC = YES;
				CLANG_ENABLE_OBJC_WEAK = YES;
				CLANG_WARN_BLOCK_CAPTURE_AUTORELEASING = YES;
				CLANG_WARN_BOOL_CONVERSION = YES;
				CLANG_WARN_COMMA = YES;
				CLANG_WARN_CONSTANT_CONVERSION = YES;
				CLANG_WARN_DEPRECATED_OBJC_IMPLEMENTATIONS = YES;
				CLANG_WARN_DIRECT_OBJC_ISA_USAGE = YES_ERROR;
				CLANG_WARN_DOCUMENTATION_COMMENTS = YES;
				CLANG_WARN_EMPTY_BODY = YES;
				CLANG_WARN_ENUM_CONVERSION = YES;
				CLANG_WARN_INFINITE_RECURSION = YES;
				CLANG_WARN_INT_CONVERSION = YES;
				CLANG_WARN_NON_LITERAL_NULL_CONVERSION = YES;
				CLANG_WARN_OBJC_IMPLICIT_RETAIN_SELF = YES;
				CLANG_WARN_OBJC_LITERAL_CONVERSION = YES;
				CLANG_WARN_OBJC_ROOT_CLASS = YES_ERROR;
				CLANG_WARN_RANGE_LOOP_ANALYSIS = YES;
				CLANG_WARN_STRICT_PROTOTYPES = YES;
				CLANG_WARN_SUSPICIOUS_MOVE = YES;
				CLANG_WARN_UNGUARDED_AVAILABILITY = YES_AGGRESSIVE;
				CLANG_WARN_UNREACHABLE_CODE = YES;
				CLANG_WARN__DUPLICATE_METHOD_MATCH = YES;
				COPY_PHASE_STRIP = NO;
				DEBUG_INFORMATION_FORMAT = dwarf;
				ENABLE_STRICT_OBJC_MSGSEND = YES;
				ENABLE_TESTABILITY = YES;
				GCC_C_LANGUAGE_STANDARD = gnu11;
				GCC_DYNAMIC_NO_PIC = NO;
				GCC_NO_COMMON_BLOCKS = YES;
				GCC_OPTIMIZATION_LEVEL = 0;
				GCC_PREPROCESSOR_DEFINITIONS = (
					"DEBUG=1",
					"$(inherited)",
				);
				GCC_WARN_64_TO_32_BIT_CONVERSION = YES;
				GCC_WARN_ABOUT_RETURN_TYPE = YES_ERROR;
				GCC_WARN_UNDECLARED_SELECTOR = YES;
				GCC_WARN_UNINITIALIZED_AUTOS = YES_AGGRESSIVE;
				GCC_WARN_UNUSED_FUNCTION = YES;
				GCC_WARN_UNUSED_VARIABLE = YES;
				IPHONEOS_DEPLOYMENT_TARGET = 13.2;
				MTL_ENABLE_DEBUG_INFO = INCLUDE_SOURCE;
				MTL_FAST_MATH = YES;
				ONLY_ACTIVE_ARCH = YES;
				SDKROOT = iphoneos;
				SWIFT_ACTIVE_COMPILATION_CONDITIONS = DEBUG;
				SWIFT_OPTIMIZATION_LEVEL = "-Onone";
			};
			name = Debug;
		};
		3F11480628DDD2AE00067448 /* Release */ = {
			isa = XCBuildConfiguration;
			buildSettings = {
				ALWAYS_SEARCH_USER_PATHS = NO;
				CLANG_ANALYZER_NONNULL = YES;
				CLANG_ANALYZER_NUMBER_OBJECT_CONVERSION = YES_AGGRESSIVE;
				CLANG_CXX_LANGUAGE_STANDARD = "gnu++14";
				CLANG_CXX_LIBRARY = "libc++";
				CLANG_ENABLE_MODULES = YES;
				CLANG_ENABLE_OBJC_ARC = YES;
				CLANG_ENABLE_OBJC_WEAK = YES;
				CLANG_WARN_BLOCK_CAPTURE_AUTORELEASING = YES;
				CLANG_WARN_BOOL_CONVERSION = YES;
				CLANG_WARN_COMMA = YES;
				CLANG_WARN_CONSTANT_CONVERSION = YES;
				CLANG_WARN_DEPRECATED_OBJC_IMPLEMENTATIONS = YES;
				CLANG_WARN_DIRECT_OBJC_ISA_USAGE = YES_ERROR;
				CLANG_WARN_DOCUMENTATION_COMMENTS = YES;
				CLANG_WARN_EMPTY_BODY = YES;
				CLANG_WARN_ENUM_CONVERSION = YES;
				CLANG_WARN_INFINITE_RECURSION = YES;
				CLANG_WARN_INT_CONVERSION = YES;
				CLANG_WARN_NON_LITERAL_NULL_CONVERSION = YES;
				CLANG_WARN_OBJC_IMPLICIT_RETAIN_SELF = YES;
				CLANG_WARN_OBJC_LITERAL_CONVERSION = YES;
				CLANG_WARN_OBJC_ROOT_CLASS = YES_ERROR;
				CLANG_WARN_RANGE_LOOP_ANALYSIS = YES;
				CLANG_WARN_STRICT_PROTOTYPES = YES;
				CLANG_WARN_SUSPICIOUS_MOVE = YES;
				CLANG_WARN_UNGUARDED_AVAILABILITY = YES_AGGRESSIVE;
				CLANG_WARN_UNREACHABLE_CODE = YES;
				CLANG_WARN__DUPLICATE_METHOD_MATCH = YES;
				COPY_PHASE_STRIP = NO;
				DEBUG_INFORMATION_FORMAT = "dwarf-with-dsym";
				ENABLE_NS_ASSERTIONS = NO;
				ENABLE_STRICT_OBJC_MSGSEND = YES;
				GCC_C_LANGUAGE_STANDARD = gnu11;
				GCC_NO_COMMON_BLOCKS = YES;
				GCC_WARN_64_TO_32_BIT_CONVERSION = YES;
				GCC_WARN_ABOUT_RETURN_TYPE = YES_ERROR;
				GCC_WARN_UNDECLARED_SELECTOR = YES;
				GCC_WARN_UNINITIALIZED_AUTOS = YES_AGGRESSIVE;
				GCC_WARN_UNUSED_FUNCTION = YES;
				GCC_WARN_UNUSED_VARIABLE = YES;
				IPHONEOS_DEPLOYMENT_TARGET = 13.2;
				MTL_ENABLE_DEBUG_INFO = NO;
				MTL_FAST_MATH = YES;
				SDKROOT = iphoneos;
				SWIFT_COMPILATION_MODE = wholemodule;
				SWIFT_OPTIMIZATION_LEVEL = "-O";
				VALIDATE_PRODUCT = YES;
			};
			name = Release;
		};
		3F11480828DDD2AE00067448 /* Debug */ = {
			isa = XCBuildConfiguration;
			buildSettings = {
				ASSETCATALOG_COMPILER_APPICON_NAME = AppIcon;
				CODE_SIGN_STYLE = Automatic;
				INFOPLIST_FILE = Organizapp/Info.plist;
				LD_RUNPATH_SEARCH_PATHS = (
					"$(inherited)",
					"@executable_path/Frameworks",
				);
				PRODUCT_BUNDLE_IDENTIFIER = teste.Organizapp;
				PRODUCT_NAME = "$(TARGET_NAME)";
				SWIFT_VERSION = 5.0;
				TARGETED_DEVICE_FAMILY = "1,2";
			};
			name = Debug;
		};
		3F11480928DDD2AE00067448 /* Release */ = {
			isa = XCBuildConfiguration;
			buildSettings = {
				ASSETCATALOG_COMPILER_APPICON_NAME = AppIcon;
				CODE_SIGN_STYLE = Automatic;
				INFOPLIST_FILE = Organizapp/Info.plist;
				LD_RUNPATH_SEARCH_PATHS = (
					"$(inherited)",
					"@executable_path/Frameworks",
				);
				PRODUCT_BUNDLE_IDENTIFIER = teste.Organizapp;
				PRODUCT_NAME = "$(TARGET_NAME)";
				SWIFT_VERSION = 5.0;
				TARGETED_DEVICE_FAMILY = "1,2";
			};
			name = Release;
		};
/* End XCBuildConfiguration section */

/* Begin XCConfigurationList section */
		3F1147EC28DDD2AD00067448 /* Build configuration list for PBXProject "Organizapp" */ = {
			isa = XCConfigurationList;
			buildConfigurations = (
				3F11480528DDD2AE00067448 /* Debug */,
				3F11480628DDD2AE00067448 /* Release */,
			);
			defaultConfigurationIsVisible = 0;
			defaultConfigurationName = Release;
		};
		3F11480728DDD2AE00067448 /* Build configuration list for PBXNativeTarget "Organizapp" */ = {
			isa = XCConfigurationList;
			buildConfigurations = (
				3F11480828DDD2AE00067448 /* Debug */,
				3F11480928DDD2AE00067448 /* Release */,
			);
			defaultConfigurationIsVisible = 0;
			defaultConfigurationName = Release;
		};
/* End XCConfigurationList section */
	};
	rootObject = 3F1147E928DDD2AD00067448 /* Project object */;
}
